
Microsoft Visual Studio Solution File, Format Version 12.00
# Visual Studio Version 17
VisualStudioVersion = 17.9.34723.18
MinimumVisualStudioVersion = 10.0.40219.1
Project("{FAE04EC0-301F-11D3-BF4B-00C04F79EFBC}") = "Fase3WilsonCastro", "Fase3WilsonCastro\Fase3WilsonCastro.csproj", "{883FAE43-22F4-40C7-AB54-0878D0CBDCC6}"
EndProject
Global
	GlobalSection(SolutionConfigurationPlatforms) = preSolution
		Debug|Any CPU = Debug|Any CPU
		Release|Any CPU = Release|Any CPU
	EndGlobalSection
	GlobalSection(ProjectConfigurationPlatforms) = postSolution
		{883FAE43-22F4-40C7-AB54-0878D0CBDCC6}.Debug|Any CPU.ActiveCfg = Debug|Any CPU
		{883FAE43-22F4-40C7-AB54-0878D0CBDCC6}.Debug|Any CPU.Build.0 = Debug|Any CPU
		{883FAE43-22F4-40C7-AB54-0878D0CBDCC6}.Release|Any CPU.ActiveCfg = Release|Any CPU
		{883FAE43-22F4-40C7-AB54-0878D0CBDCC6}.Release|Any CPU.Build.0 = Release|Any CPU
	EndGlobalSection
	GlobalSection(SolutionProperties) = preSolution
		HideSolutionNode = FALSE
	EndGlobalSection
	GlobalSection(ExtensibilityGlobals) = postSolution
		SolutionGuid = {EA280D27-35E6-46E5-8ECF-CADACBACF9F4}
	EndGlobalSection
EndGlobal
